
Microsoft Visual Studio Solution File, Format Version 12.00
# Visual Studio Version 16
VisualStudioVersion = 16.0.29318.209
MinimumVisualStudioVersion = 10.0.40219.1
Project("{FAE04EC0-301F-11D3-BF4B-00C04F79EFBC}") = "PromotionEngineTest", "PromotionEngineTest\PromotionEngineTest.csproj", "{CC063771-9D96-41B6-AC2E-6C415A4CAC78}"
EndProject
Global
	GlobalSection(SolutionConfigurationPlatforms) = preSolution
		Debug|Any CPU = Debug|Any CPU
		Release|Any CPU = Release|Any CPU
	EndGlobalSection
	GlobalSection(ProjectConfigurationPlatforms) = postSolution
		{CC063771-9D96-41B6-AC2E-6C415A4CAC78}.Debug|Any CPU.ActiveCfg = Debug|Any CPU
		{CC063771-9D96-41B6-AC2E-6C415A4CAC78}.Debug|Any CPU.Build.0 = Debug|Any CPU
		{CC063771-9D96-41B6-AC2E-6C415A4CAC78}.Release|Any CPU.ActiveCfg = Release|Any CPU
		{CC063771-9D96-41B6-AC2E-6C415A4CAC78}.Release|Any CPU.Build.0 = Release|Any CPU
	EndGlobalSection
	GlobalSection(SolutionProperties) = preSolution
		HideSolutionNode = FALSE
	EndGlobalSection
	GlobalSection(ExtensibilityGlobals) = postSolution
		SolutionGuid = {E58CF88D-0E5B-4F42-AE6E-001EBB72BD37}
	EndGlobalSection
EndGlobal
